// !$*UTF8*$!
{
	archiveVersion = 1;
	classes = {
	};
	objectVersion = 56;
	objects = {

/* Begin PBXBuildFile section */
		8CB92C9F2C5911AD0061B995 /* ScopesApp.swift in Sources */ = {isa = PBXBuildFile; fileRef = 8CB92C9E2C5911AD0061B995 /* ScopesApp.swift */; };
		8CB92CA12C5911AD0061B995 /* DemoView.swift in Sources */ = {isa = PBXBuildFile; fileRef = 8CB92CA02C5911AD0061B995 /* DemoView.swift */; };
		8CB92CA32C5911AD0061B995 /* Item.swift in Sources */ = {isa = PBXBuildFile; fileRef = 8CB92CA22C5911AD0061B995 /* Item.swift */; };
		8CB92CA52C5911AE0061B995 /* Assets.xcassets in Resources */ = {isa = PBXBuildFile; fileRef = 8CB92CA42C5911AE0061B995 /* Assets.xcassets */; };
		8CB92CA82C5911AE0061B995 /* Preview Assets.xcassets in Resources */ = {isa = PBXBuildFile; fileRef = 8CB92CA72C5911AE0061B995 /* Preview Assets.xcassets */; };
		8CB92CB02C5913C70061B995 /* Horoscope.swift in Sources */ = {isa = PBXBuildFile; fileRef = 8CB92CAF2C5913C70061B995 /* Horoscope.swift */; };
		8CB92CB42C59154A0061B995 /* Fetcher.swift in Sources */ = {isa = PBXBuildFile; fileRef = 8CB92CB32C59154A0061B995 /* Fetcher.swift */; };
		8CB92CB92C59AC310061B995 /* ContentView.swift in Sources */ = {isa = PBXBuildFile; fileRef = 8CB92CB82C59AC310061B995 /* ContentView.swift */; };
		8CB92CBB2C59AF940061B995 /* HoroscopeView.swift in Sources */ = {isa = PBXBuildFile; fileRef = 8CB92CBA2C59AF940061B995 /* HoroscopeView.swift */; };
		8CB92CC02C59BF000061B995 /* HoroscopeListItem.swift in Sources */ = {isa = PBXBuildFile; fileRef = 8CB92CBF2C59BF000061B995 /* HoroscopeListItem.swift */; };
/* End PBXBuildFile section */

/* Begin PBXFileReference section */
		8CB92C9B2C5911AD0061B995 /* Scopes.app */ = {isa = PBXFileReference; explicitFileType = wrapper.application; includeInIndex = 0; path = Scopes.app; sourceTree = BUILT_PRODUCTS_DIR; };
		8CB92C9E2C5911AD0061B995 /* ScopesApp.swift */ = {isa = PBXFileReference; lastKnownFileType = sourcecode.swift; path = ScopesApp.swift; sourceTree = "<group>"; };
		8CB92CA02C5911AD0061B995 /* DemoView.swift */ = {isa = PBXFileReference; lastKnownFileType = sourcecode.swift; path = DemoView.swift; sourceTree = "<group>"; };
		8CB92CA22C5911AD0061B995 /* Item.swift */ = {isa = PBXFileReference; lastKnownFileType = sourcecode.swift; path = Item.swift; sourceTree = "<group>"; };
		8CB92CA42C5911AE0061B995 /* Assets.xcassets */ = {isa = PBXFileReference; lastKnownFileType = folder.assetcatalog; path = Assets.xcassets; sourceTree = "<group>"; };
		8CB92CA72C5911AE0061B995 /* Preview Assets.xcassets */ = {isa = PBXFileReference; lastKnownFileType = folder.assetcatalog; path = "Preview Assets.xcassets"; sourceTree = "<group>"; };
		8CB92CAF2C5913C70061B995 /* Horoscope.swift */ = {isa = PBXFileReference; lastKnownFileType = sourcecode.swift; path = Horoscope.swift; sourceTree = "<group>"; };
		8CB92CB32C59154A0061B995 /* Fetcher.swift */ = {isa = PBXFileReference; lastKnownFileType = sourcecode.swift; path = Fetcher.swift; sourceTree = "<group>"; };
		8CB92CB82C59AC310061B995 /* ContentView.swift */ = {isa = PBXFileReference; lastKnownFileType = sourcecode.swift; path = ContentView.swift; sourceTree = "<group>"; };
		8CB92CBA2C59AF940061B995 /* HoroscopeView.swift */ = {isa = PBXFileReference; lastKnownFileType = sourcecode.swift; path = HoroscopeView.swift; sourceTree = "<group>"; };
		8CB92CBF2C59BF000061B995 /* HoroscopeListItem.swift */ = {isa = PBXFileReference; lastKnownFileType = sourcecode.swift; path = HoroscopeListItem.swift; sourceTree = "<group>"; };
/* End PBXFileReference section */

/* Begin PBXFrameworksBuildPhase section */
		8CB92C982C5911AD0061B995 /* Frameworks */ = {
			isa = PBXFrameworksBuildPhase;
			buildActionMask = 2147483647;
			files = (
			);
			runOnlyForDeploymentPostprocessing = 0;
		};
/* End PBXFrameworksBuildPhase section */

/* Begin PBXGroup section */
		8CB92C922C5911AD0061B995 = {
			isa = PBXGroup;
			children = (
				8CB92C9D2C5911AD0061B995 /* Scopes */,
				8CB92C9C2C5911AD0061B995 /* Products */,
			);
			sourceTree = "<group>";
		};
		8CB92C9C2C5911AD0061B995 /* Products */ = {
			isa = PBXGroup;
			children = (
				8CB92C9B2C5911AD0061B995 /* Scopes.app */,
			);
			name = Products;
			sourceTree = "<group>";
		};
		8CB92C9D2C5911AD0061B995 /* Scopes */ = {
			isa = PBXGroup;
			children = (
				8CB92CBC2C59B6E70061B995 /* Fragments */,
				8CB92CB72C59ABE80061B995 /* Views */,
				8CB92CB22C5914A60061B995 /* Services */,
				8CB92CB12C5914890061B995 /* Models */,
				8CB92C9E2C5911AD0061B995 /* ScopesApp.swift */,
				8CB92CA22C5911AD0061B995 /* Item.swift */,
				8CB92CA42C5911AE0061B995 /* Assets.xcassets */,
				8CB92CA62C5911AE0061B995 /* Preview Content */,
				8CB92CB82C59AC310061B995 /* ContentView.swift */,
			);
			path = Scopes;
			sourceTree = "<group>";
		};
		8CB92CA62C5911AE0061B995 /* Preview Content */ = {
			isa = PBXGroup;
			children = (
				8CB92CA72C5911AE0061B995 /* Preview Assets.xcassets */,
			);
			path = "Preview Content";
			sourceTree = "<group>";
		};
		8CB92CB12C5914890061B995 /* Models */ = {
			isa = PBXGroup;
			children = (
				8CB92CAF2C5913C70061B995 /* Horoscope.swift */,
			);
			path = Models;
			sourceTree = "<group>";
		};
		8CB92CB22C5914A60061B995 /* Services */ = {
			isa = PBXGroup;
			children = (
				8CB92CB32C59154A0061B995 /* Fetcher.swift */,
			);
			path = Services;
			sourceTree = "<group>";
		};
		8CB92CB72C59ABE80061B995 /* Views */ = {
			isa = PBXGroup;
			children = (
				8CB92CA02C5911AD0061B995 /* DemoView.swift */,
				8CB92CBA2C59AF940061B995 /* HoroscopeView.swift */,
			);
			path = Views;
			sourceTree = "<group>";
		};
		8CB92CBC2C59B6E70061B995 /* Fragments */ = {
			isa = PBXGroup;
			children = (
				8CB92CBF2C59BF000061B995 /* HoroscopeListItem.swift */,
			);
			path = Fragments;
			sourceTree = "<group>";
		};
/* End PBXGroup section */

/* Begin PBXNativeTarget section */
		8CB92C9A2C5911AD0061B995 /* Scopes */ = {
			isa = PBXNativeTarget;
			buildConfigurationList = 8CB92CAB2C5911AE0061B995 /* Build configuration list for PBXNativeTarget "Scopes" */;
			buildPhases = (
				8CB92C972C5911AD0061B995 /* Sources */,
				8CB92C982C5911AD0061B995 /* Frameworks */,
				8CB92C992C5911AD0061B995 /* Resources */,
			);
			buildRules = (
			);
			dependencies = (
			);
			name = Scopes;
			productName = Scopes;
			productReference = 8CB92C9B2C5911AD0061B995 /* Scopes.app */;
			productType = "com.apple.product-type.application";
		};
/* End PBXNativeTarget section */

/* Begin PBXProject section */
		8CB92C932C5911AD0061B995 /* Project object */ = {
			isa = PBXProject;
			attributes = {
				BuildIndependentTargetsInParallel = 1;
				LastSwiftUpdateCheck = 1540;
				LastUpgradeCheck = 1540;
				TargetAttributes = {
					8CB92C9A2C5911AD0061B995 = {
						CreatedOnToolsVersion = 15.4;
					};
				};
			};
			buildConfigurationList = 8CB92C962C5911AD0061B995 /* Build configuration list for PBXProject "Scopes" */;
			compatibilityVersion = "Xcode 14.0";
			developmentRegion = en;
			hasScannedForEncodings = 0;
			knownRegions = (
				en,
				Base,
			);
			mainGroup = 8CB92C922C5911AD0061B995;
			productRefGroup = 8CB92C9C2C5911AD0061B995 /* Products */;
			projectDirPath = "";
			projectRoot = "";
			targets = (
				8CB92C9A2C5911AD0061B995 /* Scopes */,
			);
		};
/* End PBXProject section */

/* Begin PBXResourcesBuildPhase section */
		8CB92C992C5911AD0061B995 /* Resources */ = {
			isa = PBXResourcesBuildPhase;
			buildActionMask = 2147483647;
			files = (
				8CB92CA82C5911AE0061B995 /* Preview Assets.xcassets in Resources */,
				8CB92CA52C5911AE0061B995 /* Assets.xcassets in Resources */,
			);
			runOnlyForDeploymentPostprocessing = 0;
		};
/* End PBXResourcesBuildPhase section */

/* Begin PBXSourcesBuildPhase section */
		8CB92C972C5911AD0061B995 /* Sources */ = {
			isa = PBXSourcesBuildPhase;
			buildActionMask = 2147483647;
			files = (
				8CB92CB02C5913C70061B995 /* Horoscope.swift in Sources */,
				8CB92CA12C5911AD0061B995 /* DemoView.swift in Sources */,
				8CB92CB92C59AC310061B995 /* ContentView.swift in Sources */,
				8CB92CA32C5911AD0061B995 /* Item.swift in Sources */,
				8CB92CBB2C59AF940061B995 /* HoroscopeView.swift in Sources */,
				8CB92CB42C59154A0061B995 /* Fetcher.swift in Sources */,
				8CB92C9F2C5911AD0061B995 /* ScopesApp.swift in Sources */,
				8CB92CC02C59BF000061B995 /* HoroscopeListItem.swift in Sources */,
			);
			runOnlyForDeploymentPostprocessing = 0;
		};
/* End PBXSourcesBuildPhase section */

/* Begin XCBuildConfiguration section */
		8CB92CA92C5911AE0061B995 /* Debug */ = {
			isa = XCBuildConfiguration;
			buildSettings = {
				ALWAYS_SEARCH_USER_PATHS = NO;
				ASSETCATALOG_COMPILER_GENERATE_SWIFT_ASSET_SYMBOL_EXTENSIONS = YES;
				CLANG_ANALYZER_NONNULL = YES;
				CLANG_ANALYZER_NUMBER_OBJECT_CONVERSION = YES_AGGRESSIVE;
				CLANG_CXX_LANGUAGE_STANDARD = "gnu++20";
				CLANG_ENABLE_MODULES = YES;
				CLANG_ENABLE_OBJC_ARC = YES;
				CLANG_ENABLE_OBJC_WEAK = YES;
				CLANG_WARN_BLOCK_CAPTURE_AUTORELEASING = YES;
				CLANG_WARN_BOOL_CONVERSION = YES;
				CLANG_WARN_COMMA = YES;
				CLANG_WARN_CONSTANT_CONVERSION = YES;
				CLANG_WARN_DEPRECATED_OBJC_IMPLEMENTATIONS = YES;
				CLANG_WARN_DIRECT_OBJC_ISA_USAGE = YES_ERROR;
				CLANG_WARN_DOCUMENTATION_COMMENTS = YES;
				CLANG_WARN_EMPTY_BODY = YES;
				CLANG_WARN_ENUM_CONVERSION = YES;
				CLANG_WARN_INFINITE_RECURSION = YES;
				CLANG_WARN_INT_CONVERSION = YES;
				CLANG_WARN_NON_LITERAL_NULL_CONVERSION = YES;
				CLANG_WARN_OBJC_IMPLICIT_RETAIN_SELF = YES;
				CLANG_WARN_OBJC_LITERAL_CONVERSION = YES;
				CLANG_WARN_OBJC_ROOT_CLASS = YES_ERROR;
				CLANG_WARN_QUOTED_INCLUDE_IN_FRAMEWORK_HEADER = YES;
				CLANG_WARN_RANGE_LOOP_ANALYSIS = YES;
				CLANG_WARN_STRICT_PROTOTYPES = YES;
				CLANG_WARN_SUSPICIOUS_MOVE = YES;
				CLANG_WARN_UNGUARDED_AVAILABILITY = YES_AGGRESSIVE;
				CLANG_WARN_UNREACHABLE_CODE = YES;
				CLANG_WARN__DUPLICATE_METHOD_MATCH = YES;
				COPY_PHASE_STRIP = NO;
				DEBUG_INFORMATION_FORMAT = dwarf;
				ENABLE_STRICT_OBJC_MSGSEND = YES;
				ENABLE_TESTABILITY = YES;
				ENABLE_USER_SCRIPT_SANDBOXING = YES;
				GCC_C_LANGUAGE_STANDARD = gnu17;
				GCC_DYNAMIC_NO_PIC = NO;
				GCC_NO_COMMON_BLOCKS = YES;
				GCC_OPTIMIZATION_LEVEL = 0;
				GCC_PREPROCESSOR_DEFINITIONS = (
					"DEBUG=1",
					"$(inherited)",
				);
				GCC_WARN_64_TO_32_BIT_CONVERSION = YES;
				GCC_WARN_ABOUT_RETURN_TYPE = YES_ERROR;
				GCC_WARN_UNDECLARED_SELECTOR = YES;
				GCC_WARN_UNINITIALIZED_AUTOS = YES_AGGRESSIVE;
				GCC_WARN_UNUSED_FUNCTION = YES;
				GCC_WARN_UNUSED_VARIABLE = YES;
				IPHONEOS_DEPLOYMENT_TARGET = 17.5;
				LOCALIZATION_PREFERS_STRING_CATALOGS = YES;
				MTL_ENABLE_DEBUG_INFO = INCLUDE_SOURCE;
				MTL_FAST_MATH = YES;
				ONLY_ACTIVE_ARCH = YES;
				SDKROOT = iphoneos;
				SWIFT_ACTIVE_COMPILATION_CONDITIONS = "DEBUG $(inherited)";
				SWIFT_OPTIMIZATION_LEVEL = "-Onone";
			};
			name = Debug;
		};
		8CB92CAA2C5911AE0061B995 /* Release */ = {
			isa = XCBuildConfiguration;
			buildSettings = {
				ALWAYS_SEARCH_USER_PATHS = NO;
				ASSETCATALOG_COMPILER_GENERATE_SWIFT_ASSET_SYMBOL_EXTENSIONS = YES;
				CLANG_ANALYZER_NONNULL = YES;
				CLANG_ANALYZER_NUMBER_OBJECT_CONVERSION = YES_AGGRESSIVE;
				CLANG_CXX_LANGUAGE_STANDARD = "gnu++20";
				CLANG_ENABLE_MODULES = YES;
				CLANG_ENABLE_OBJC_ARC = YES;
				CLANG_ENABLE_OBJC_WEAK = YES;
				CLANG_WARN_BLOCK_CAPTURE_AUTORELEASING = YES;
				CLANG_WARN_BOOL_CONVERSION = YES;
				CLANG_WARN_COMMA = YES;
				CLANG_WARN_CONSTANT_CONVERSION = YES;
				CLANG_WARN_DEPRECATED_OBJC_IMPLEMENTATIONS = YES;
				CLANG_WARN_DIRECT_OBJC_ISA_USAGE = YES_ERROR;
				CLANG_WARN_DOCUMENTATION_COMMENTS = YES;
				CLANG_WARN_EMPTY_BODY = YES;
				CLANG_WARN_ENUM_CONVERSION = YES;
				CLANG_WARN_INFINITE_RECURSION = YES;
				CLANG_WARN_INT_CONVERSION = YES;
				CLANG_WARN_NON_LITERAL_NULL_CONVERSION = YES;
				CLANG_WARN_OBJC_IMPLICIT_RETAIN_SELF = YES;
				CLANG_WARN_OBJC_LITERAL_CONVERSION = YES;
				CLANG_WARN_OBJC_ROOT_CLASS = YES_ERROR;
				CLANG_WARN_QUOTED_INCLUDE_IN_FRAMEWORK_HEADER = YES;
				CLANG_WARN_RANGE_LOOP_ANALYSIS = YES;
				CLANG_WARN_STRICT_PROTOTYPES = YES;
				CLANG_WARN_SUSPICIOUS_MOVE = YES;
				CLANG_WARN_UNGUARDED_AVAILABILITY = YES_AGGRESSIVE;
				CLANG_WARN_UNREACHABLE_CODE = YES;
				CLANG_WARN__DUPLICATE_METHOD_MATCH = YES;
				COPY_PHASE_STRIP = NO;
				DEBUG_INFORMATION_FORMAT = "dwarf-with-dsym";
				ENABLE_NS_ASSERTIONS = NO;
				ENABLE_STRICT_OBJC_MSGSEND = YES;
				ENABLE_USER_SCRIPT_SANDBOXING = YES;
				GCC_C_LANGUAGE_STANDARD = gnu17;
				GCC_NO_COMMON_BLOCKS = YES;
				GCC_WARN_64_TO_32_BIT_CONVERSION = YES;
				GCC_WARN_ABOUT_RETURN_TYPE = YES_ERROR;
				GCC_WARN_UNDECLARED_SELECTOR = YES;
				GCC_WARN_UNINITIALIZED_AUTOS = YES_AGGRESSIVE;
				GCC_WARN_UNUSED_FUNCTION = YES;
				GCC_WARN_UNUSED_VARIABLE = YES;
				IPHONEOS_DEPLOYMENT_TARGET = 17.5;
				LOCALIZATION_PREFERS_STRING_CATALOGS = YES;
				MTL_ENABLE_DEBUG_INFO = NO;
				MTL_FAST_MATH = YES;
				SDKROOT = iphoneos;
				SWIFT_COMPILATION_MODE = wholemodule;
				VALIDATE_PRODUCT = YES;
			};
			name = Release;
		};
		8CB92CAC2C5911AE0061B995 /* Debug */ = {
			isa = XCBuildConfiguration;
			buildSettings = {
				ASSETCATALOG_COMPILER_APPICON_NAME = AppIcon;
				ASSETCATALOG_COMPILER_GLOBAL_ACCENT_COLOR_NAME = AccentColor;
				CODE_SIGN_STYLE = Automatic;
				CURRENT_PROJECT_VERSION = 1;
				DEVELOPMENT_ASSET_PATHS = "\"Scopes/Preview Content\"";
				ENABLE_PREVIEWS = YES;
				GENERATE_INFOPLIST_FILE = YES;
				INFOPLIST_KEY_CFBundleDisplayName = Scopes;
				INFOPLIST_KEY_UIApplicationSceneManifest_Generation = YES;
				INFOPLIST_KEY_UIApplicationSupportsIndirectInputEvents = YES;
				INFOPLIST_KEY_UILaunchScreen_Generation = YES;
				INFOPLIST_KEY_UISupportedInterfaceOrientations_iPad = "UIInterfaceOrientationPortrait UIInterfaceOrientationPortraitUpsideDown UIInterfaceOrientationLandscapeLeft UIInterfaceOrientationLandscapeRight";
				INFOPLIST_KEY_UISupportedInterfaceOrientations_iPhone = "UIInterfaceOrientationPortrait UIInterfaceOrientationLandscapeLeft UIInterfaceOrientationLandscapeRight";
				LD_RUNPATH_SEARCH_PATHS = (
					"$(inherited)",
					"@executable_path/Frameworks",
				);
				MARKETING_VERSION = 1.0;
				PRODUCT_BUNDLE_IDENTIFIER = com.scopes.Scopes;
				PRODUCT_NAME = "$(TARGET_NAME)";
				SWIFT_EMIT_LOC_STRINGS = YES;
				SWIFT_VERSION = 5.0;
				TARGETED_DEVICE_FAMILY = "1,2";
			};
			name = Debug;
		};
		8CB92CAD2C5911AE0061B995 /* Release */ = {
			isa = XCBuildConfiguration;
			buildSettings = {
				ASSETCATALOG_COMPILER_APPICON_NAME = AppIcon;
				ASSETCATALOG_COMPILER_GLOBAL_ACCENT_COLOR_NAME = AccentColor;
				CODE_SIGN_STYLE = Automatic;
				CURRENT_PROJECT_VERSION = 1;
				DEVELOPMENT_ASSET_PATHS = "\"Scopes/Preview Content\"";
				ENABLE_PREVIEWS = YES;
				GENERATE_INFOPLIST_FILE = YES;
				INFOPLIST_KEY_CFBundleDisplayName = Scopes;
				INFOPLIST_KEY_UIApplicationSceneManifest_Generation = YES;
				INFOPLIST_KEY_UIApplicationSupportsIndirectInputEvents = YES;
				INFOPLIST_KEY_UILaunchScreen_Generation = YES;
				INFOPLIST_KEY_UISupportedInterfaceOrientations_iPad = "UIInterfaceOrientationPortrait UIInterfaceOrientationPortraitUpsideDown UIInterfaceOrientationLandscapeLeft UIInterfaceOrientationLandscapeRight";
				INFOPLIST_KEY_UISupportedInterfaceOrientations_iPhone = "UIInterfaceOrientationPortrait UIInterfaceOrientationLandscapeLeft UIInterfaceOrientationLandscapeRight";
				LD_RUNPATH_SEARCH_PATHS = (
					"$(inherited)",
					"@executable_path/Frameworks",
				);
				MARKETING_VERSION = 1.0;
				PRODUCT_BUNDLE_IDENTIFIER = com.scopes.Scopes;
				PRODUCT_NAME = "$(TARGET_NAME)";
				SWIFT_EMIT_LOC_STRINGS = YES;
				SWIFT_VERSION = 5.0;
				TARGETED_DEVICE_FAMILY = "1,2";
			};
			name = Release;
		};
/* End XCBuildConfiguration section */

/* Begin XCConfigurationList section */
		8CB92C962C5911AD0061B995 /* Build configuration list for PBXProject "Scopes" */ = {
			isa = XCConfigurationList;
			buildConfigurations = (
				8CB92CA92C5911AE0061B995 /* Debug */,
				8CB92CAA2C5911AE0061B995 /* Release */,
			);
			defaultConfigurationIsVisible = 0;
			defaultConfigurationName = Release;
		};
		8CB92CAB2C5911AE0061B995 /* Build configuration list for PBXNativeTarget "Scopes" */ = {
			isa = XCConfigurationList;
			buildConfigurations = (
				8CB92CAC2C5911AE0061B995 /* Debug */,
				8CB92CAD2C5911AE0061B995 /* Release */,
			);
			defaultConfigurationIsVisible = 0;
			defaultConfigurationName = Release;
		};
/* End XCConfigurationList section */
	};
	rootObject = 8CB92C932C5911AD0061B995 /* Project object */;
}
